// !$*UTF8*$!
{
	archiveVersion = 1;
	classes = {
	};
	objectVersion = 55;
	objects = {

/* Begin PBXBuildFile section */
		6D053BC128187D5200E2666B /* AppDelegate.swift in Sources */ = {isa = PBXBuildFile; fileRef = 6D053BC028187D5200E2666B /* AppDelegate.swift */; };
		6D053BC328187D5200E2666B /* SceneDelegate.swift in Sources */ = {isa = PBXBuildFile; fileRef = 6D053BC228187D5200E2666B /* SceneDelegate.swift */; };
		6D053BC528187D5200E2666B /* AuthViewController.swift in Sources */ = {isa = PBXBuildFile; fileRef = 6D053BC428187D5200E2666B /* AuthViewController.swift */; };
		6D053BCA28187D5200E2666B /* Assets.xcassets in Resources */ = {isa = PBXBuildFile; fileRef = 6D053BC928187D5200E2666B /* Assets.xcassets */; };
		6D053BCD28187D5200E2666B /* LaunchScreen.storyboard in Resources */ = {isa = PBXBuildFile; fileRef = 6D053BCB28187D5200E2666B /* LaunchScreen.storyboard */; };
		6D053BD528188B2300E2666B /* UIButton + Extension.swift in Sources */ = {isa = PBXBuildFile; fileRef = 6D053BD428188B2300E2666B /* UIButton + Extension.swift */; };
		6D053BD728188DBD00E2666B /* UIFont + Extansion.swift in Sources */ = {isa = PBXBuildFile; fileRef = 6D053BD628188DBD00E2666B /* UIFont + Extansion.swift */; };
		6D053BD928188E9D00E2666B /* UIColor + Extansion.swift in Sources */ = {isa = PBXBuildFile; fileRef = 6D053BD828188E9D00E2666B /* UIColor + Extansion.swift */; };
		6D053BDB281891AA00E2666B /* Label + Extansion.swift in Sources */ = {isa = PBXBuildFile; fileRef = 6D053BDA281891AA00E2666B /* Label + Extansion.swift */; };
		6D053BDD281892C200E2666B /* UIImageView + Extansion.swift in Sources */ = {isa = PBXBuildFile; fileRef = 6D053BDC281892C200E2666B /* UIImageView + Extansion.swift */; };
		6D053BE12818988900E2666B /* ButtonFromView.swift in Sources */ = {isa = PBXBuildFile; fileRef = 6D053BE02818988900E2666B /* ButtonFromView.swift */; };
		6D053BE328189EDF00E2666B /* UIStackView + Extension.swift in Sources */ = {isa = PBXBuildFile; fileRef = 6D053BE228189EDF00E2666B /* UIStackView + Extension.swift */; };
		6D053BE72818A3F800E2666B /* SignUpViewController.swift in Sources */ = {isa = PBXBuildFile; fileRef = 6D053BE62818A3F800E2666B /* SignUpViewController.swift */; };
		6D053BE92818A72F00E2666B /* OneLineTextField.swift in Sources */ = {isa = PBXBuildFile; fileRef = 6D053BE82818A72F00E2666B /* OneLineTextField.swift */; };
		6D053BEB2818B2FA00E2666B /* LoginViewController.swift in Sources */ = {isa = PBXBuildFile; fileRef = 6D053BEA2818B2FA00E2666B /* LoginViewController.swift */; };
		6D1F0AF8282335A600EBBF98 /* ListenerService.swift in Sources */ = {isa = PBXBuildFile; fileRef = 6D1F0AF7282335A600EBBF98 /* ListenerService.swift */; };
		6D1F0AFB28233BFC00EBBF98 /* SDWebImage in Frameworks */ = {isa = PBXBuildFile; productRef = 6D1F0AFA28233BFC00EBBF98 /* SDWebImage */; };
		6D1F0AFD282348EB00EBBF98 /* MMessage.swift in Sources */ = {isa = PBXBuildFile; fileRef = 6D1F0AFC282348EB00EBBF98 /* MMessage.swift */; };
		6D5590CE281C71FE00C266C2 /* Bundle-Decodable.swift in Sources */ = {isa = PBXBuildFile; fileRef = 6D5590CD281C71FE00C266C2 /* Bundle-Decodable.swift */; };
		6D5590D1281C7D7100C266C2 /* ActiveChatCell.swift in Sources */ = {isa = PBXBuildFile; fileRef = 6D5590D0281C7D7100C266C2 /* ActiveChatCell.swift */; };
		6D5590D3281C8EA900C266C2 /* GradientView.swift in Sources */ = {isa = PBXBuildFile; fileRef = 6D5590D2281C8EA900C266C2 /* GradientView.swift */; };
		6D5590D7281C94C100C266C2 /* WaitingChatCell.swift in Sources */ = {isa = PBXBuildFile; fileRef = 6D5590D6281C94C100C266C2 /* WaitingChatCell.swift */; };
		6D5590D9281C95F400C266C2 /* CellConfigurationCell.swift in Sources */ = {isa = PBXBuildFile; fileRef = 6D5590D8281C95F400C266C2 /* CellConfigurationCell.swift */; };
		6D5590DC281C98AF00C266C2 /* SectionHeader.swift in Sources */ = {isa = PBXBuildFile; fileRef = 6D5590DB281C98AF00C266C2 /* SectionHeader.swift */; };
		6D5590E1281CA51800C266C2 /* MUser.swift in Sources */ = {isa = PBXBuildFile; fileRef = 6D5590E0281CA51800C266C2 /* MUser.swift */; };
		6D5590E3281CA52B00C266C2 /* MChat.swift in Sources */ = {isa = PBXBuildFile; fileRef = 6D5590E2281CA52B00C266C2 /* MChat.swift */; };
		6D56B5C528260025005BE638 /* UIScrollView + Extension.swift in Sources */ = {isa = PBXBuildFile; fileRef = 6D56B5C428260025005BE638 /* UIScrollView + Extension.swift */; };
		6D7599FD281F221E004D6EE4 /* AuthNavigationDelegate.swift in Sources */ = {isa = PBXBuildFile; fileRef = 6D7599FC281F221E004D6EE4 /* AuthNavigationDelegate.swift */; };
		6D7599FF281F2685004D6EE4 /* FirestoreService.swift in Sources */ = {isa = PBXBuildFile; fileRef = 6D7599FE281F2685004D6EE4 /* FirestoreService.swift */; };
		6D88660F28245E23000A9BC8 /* WaitingChatsNavigation.swift in Sources */ = {isa = PBXBuildFile; fileRef = 6D88660E28245E23000A9BC8 /* WaitingChatsNavigation.swift */; };
		6D8B4E87281F2D010061EFB4 /* UserError.swift in Sources */ = {isa = PBXBuildFile; fileRef = 6D8B4E86281F2D010061EFB4 /* UserError.swift */; };
		6D9718D4282A664A00883D11 /* activeChats.json in Resources */ = {isa = PBXBuildFile; fileRef = 6D9718D1282A664900883D11 /* activeChats.json */; };
		6D9718D6282A664A00883D11 /* waitingChats.json in Resources */ = {isa = PBXBuildFile; fileRef = 6D9718D3282A664A00883D11 /* waitingChats.json */; };
		6D9718D8282A665A00883D11 /* users.json in Resources */ = {isa = PBXBuildFile; fileRef = 6D9718D7282A665A00883D11 /* users.json */; };
		6D9AC695281B15250050F364 /* SetupProfileViewController.swift in Sources */ = {isa = PBXBuildFile; fileRef = 6D9AC694281B15250050F364 /* SetupProfileViewController.swift */; };
		6D9AC697281B180F0050F364 /* AddPhotoView.swift in Sources */ = {isa = PBXBuildFile; fileRef = 6D9AC696281B180F0050F364 /* AddPhotoView.swift */; };
		6D9AC69B281B2FAE0050F364 /* SegmentedControl + Extension.swift in Sources */ = {isa = PBXBuildFile; fileRef = 6D9AC69A281B2FAE0050F364 /* SegmentedControl + Extension.swift */; };
		6D9AC69D281B40660050F364 /* ListViewController.swift in Sources */ = {isa = PBXBuildFile; fileRef = 6D9AC69C281B40660050F364 /* ListViewController.swift */; };
		6D9AC6A1281B444C0050F364 /* MainTabBarController.swift in Sources */ = {isa = PBXBuildFile; fileRef = 6D9AC6A0281B444C0050F364 /* MainTabBarController.swift */; };
		6D9AC6A3281B45050050F364 /* PeopleViewController.swift in Sources */ = {isa = PBXBuildFile; fileRef = 6D9AC6A2281B45050050F364 /* PeopleViewController.swift */; };
		6DA3EB89281DEE8E00D1356A /* ChatRequestViewController.swift in Sources */ = {isa = PBXBuildFile; fileRef = 6DA3EB88281DEE8E00D1356A /* ChatRequestViewController.swift */; };
		6DA3EB8B281DFAB200D1356A /* GoogleService-Info.plist in Resources */ = {isa = PBXBuildFile; fileRef = 6DA3EB8A281DFAB200D1356A /* GoogleService-Info.plist */; };
		6DB32F47281DACD5002010C7 /* UserCell.swift in Sources */ = {isa = PBXBuildFile; fileRef = 6DB32F46281DACD5002010C7 /* UserCell.swift */; };
		6DB32F49281DAF2E002010C7 /* UIViewController + Extansion.swift in Sources */ = {isa = PBXBuildFile; fileRef = 6DB32F48281DAF2E002010C7 /* UIViewController + Extansion.swift */; };
		6DB32F4B281DC2AD002010C7 /* ProfileViewController.swift in Sources */ = {isa = PBXBuildFile; fileRef = 6DB32F4A281DC2AD002010C7 /* ProfileViewController.swift */; };
		6DB32F4D281DC93E002010C7 /* InsertableTextField.swift in Sources */ = {isa = PBXBuildFile; fileRef = 6DB32F4C281DC93E002010C7 /* InsertableTextField.swift */; };
		6DB32F4F281DCD09002010C7 /* UIView + Extension.swift in Sources */ = {isa = PBXBuildFile; fileRef = 6DB32F4E281DCD09002010C7 /* UIView + Extension.swift */; };
		6DD5647B281E02850054B781 /* AuthenticationService.swift in Sources */ = {isa = PBXBuildFile; fileRef = 6DD5647A281E02850054B781 /* AuthenticationService.swift */; };
		6DD5647D281E0CC00054B781 /* Validators.swift in Sources */ = {isa = PBXBuildFile; fileRef = 6DD5647C281E0CC00054B781 /* Validators.swift */; };
		6DD5647F281E0F3E0054B781 /* AuthenticationError.swift in Sources */ = {isa = PBXBuildFile; fileRef = 6DD5647E281E0F3E0054B781 /* AuthenticationError.swift */; };
		6DD6862B2822F18500FD6EE3 /* FirebaseAnalytics in Frameworks */ = {isa = PBXBuildFile; productRef = 6DD6862A2822F18500FD6EE3 /* FirebaseAnalytics */; };
		6DD6862D2822F18500FD6EE3 /* FirebaseAuth in Frameworks */ = {isa = PBXBuildFile; productRef = 6DD6862C2822F18500FD6EE3 /* FirebaseAuth */; };
		6DD6862F2822F18500FD6EE3 /* FirebaseFirestore in Frameworks */ = {isa = PBXBuildFile; productRef = 6DD6862E2822F18500FD6EE3 /* FirebaseFirestore */; };
		6DD686312822F18500FD6EE3 /* FirebaseStorage in Frameworks */ = {isa = PBXBuildFile; productRef = 6DD686302822F18500FD6EE3 /* FirebaseStorage */; };
		6DD686342822F25100FD6EE3 /* GoogleSignIn in Frameworks */ = {isa = PBXBuildFile; productRef = 6DD686332822F25100FD6EE3 /* GoogleSignIn */; };
		6DD686362822FF6500FD6EE3 /* UIAplication + Extension.swift in Sources */ = {isa = PBXBuildFile; fileRef = 6DD686352822FF6500FD6EE3 /* UIAplication + Extension.swift */; };
		6DD68638282311D000FD6EE3 /* StorageService.swift in Sources */ = {isa = PBXBuildFile; fileRef = 6DD68637282311D000FD6EE3 /* StorageService.swift */; };
		6DD6863A2823154000FD6EE3 /* UIImage + Extension.swift in Sources */ = {isa = PBXBuildFile; fileRef = 6DD686392823154000FD6EE3 /* UIImage + Extension.swift */; };
		6DFABBC1282489ED0070AA71 /* MessageKit in Frameworks */ = {isa = PBXBuildFile; productRef = 6DFABBC0282489ED0070AA71 /* MessageKit */; };
		6DFABBC328248A6C0070AA71 /* ChatsViewController.swift in Sources */ = {isa = PBXBuildFile; fileRef = 6DFABBC228248A6C0070AA71 /* ChatsViewController.swift */; };
/* End PBXBuildFile section */

/* Begin PBXFileReference section */
		6D053BBD28187D5200E2666B /* Chat.app */ = {isa = PBXFileReference; explicitFileType = wrapper.application; includeInIndex = 0; path = Chat.app; sourceTree = BUILT_PRODUCTS_DIR; };
		6D053BC028187D5200E2666B /* AppDelegate.swift */ = {isa = PBXFileReference; lastKnownFileType = sourcecode.swift; path = AppDelegate.swift; sourceTree = "<group>"; };
		6D053BC228187D5200E2666B /* SceneDelegate.swift */ = {isa = PBXFileReference; lastKnownFileType = sourcecode.swift; path = SceneDelegate.swift; sourceTree = "<group>"; };
		6D053BC428187D5200E2666B /* AuthViewController.swift */ = {isa = PBXFileReference; lastKnownFileType = sourcecode.swift; path = AuthViewController.swift; sourceTree = "<group>"; };
		6D053BC928187D5200E2666B /* Assets.xcassets */ = {isa = PBXFileReference; lastKnownFileType = folder.assetcatalog; path = Assets.xcassets; sourceTree = "<group>"; };
		6D053BCC28187D5200E2666B /* Base */ = {isa = PBXFileReference; lastKnownFileType = file.storyboard; name = Base; path = Base.lproj/LaunchScreen.storyboard; sourceTree = "<group>"; };
		6D053BCE28187D5200E2666B /* Info.plist */ = {isa = PBXFileReference; lastKnownFileType = text.plist.xml; path = Info.plist; sourceTree = "<group>"; };
		6D053BD428188B2300E2666B /* UIButton + Extension.swift */ = {isa = PBXFileReference; lastKnownFileType = sourcecode.swift; path = "UIButton + Extension.swift"; sourceTree = "<group>"; };
		6D053BD628188DBD00E2666B /* UIFont + Extansion.swift */ = {isa = PBXFileReference; lastKnownFileType = sourcecode.swift; path = "UIFont + Extansion.swift"; sourceTree = "<group>"; };
		6D053BD828188E9D00E2666B /* UIColor + Extansion.swift */ = {isa = PBXFileReference; lastKnownFileType = sourcecode.swift; path = "UIColor + Extansion.swift"; sourceTree = "<group>"; };
		6D053BDA281891AA00E2666B /* Label + Extansion.swift */ = {isa = PBXFileReference; lastKnownFileType = sourcecode.swift; path = "Label + Extansion.swift"; sourceTree = "<group>"; };
		6D053BDC281892C200E2666B /* UIImageView + Extansion.swift */ = {isa = PBXFileReference; lastKnownFileType = sourcecode.swift; path = "UIImageView + Extansion.swift"; sourceTree = "<group>"; };
		6D053BE02818988900E2666B /* ButtonFromView.swift */ = {isa = PBXFileReference; lastKnownFileType = sourcecode.swift; path = ButtonFromView.swift; sourceTree = "<group>"; };
		6D053BE228189EDF00E2666B /* UIStackView + Extension.swift */ = {isa = PBXFileReference; lastKnownFileType = sourcecode.swift; path = "UIStackView + Extension.swift"; sourceTree = "<group>"; };
		6D053BE62818A3F800E2666B /* SignUpViewController.swift */ = {isa = PBXFileReference; lastKnownFileType = sourcecode.swift; path = SignUpViewController.swift; sourceTree = "<group>"; };
		6D053BE82818A72F00E2666B /* OneLineTextField.swift */ = {isa = PBXFileReference; lastKnownFileType = sourcecode.swift; path = OneLineTextField.swift; sourceTree = "<group>"; };
		6D053BEA2818B2FA00E2666B /* LoginViewController.swift */ = {isa = PBXFileReference; lastKnownFileType = sourcecode.swift; path = LoginViewController.swift; sourceTree = "<group>"; };
		6D1F0AF7282335A600EBBF98 /* ListenerService.swift */ = {isa = PBXFileReference; lastKnownFileType = sourcecode.swift; path = ListenerService.swift; sourceTree = "<group>"; };
		6D1F0AFC282348EB00EBBF98 /* MMessage.swift */ = {isa = PBXFileReference; lastKnownFileType = sourcecode.swift; path = MMessage.swift; sourceTree = "<group>"; };
		6D5590CD281C71FE00C266C2 /* Bundle-Decodable.swift */ = {isa = PBXFileReference; fileEncoding = 4; lastKnownFileType = sourcecode.swift; path = "Bundle-Decodable.swift"; sourceTree = "<group>"; };
		6D5590D0281C7D7100C266C2 /* ActiveChatCell.swift */ = {isa = PBXFileReference; lastKnownFileType = sourcecode.swift; path = ActiveChatCell.swift; sourceTree = "<group>"; };
		6D5590D2281C8EA900C266C2 /* GradientView.swift */ = {isa = PBXFileReference; lastKnownFileType = sourcecode.swift; path = GradientView.swift; sourceTree = "<group>"; };
		6D5590D6281C94C100C266C2 /* WaitingChatCell.swift */ = {isa = PBXFileReference; lastKnownFileType = sourcecode.swift; path = WaitingChatCell.swift; sourceTree = "<group>"; };
		6D5590D8281C95F400C266C2 /* CellConfigurationCell.swift */ = {isa = PBXFileReference; lastKnownFileType = sourcecode.swift; path = CellConfigurationCell.swift; sourceTree = "<group>"; };
		6D5590DB281C98AF00C266C2 /* SectionHeader.swift */ = {isa = PBXFileReference; lastKnownFileType = sourcecode.swift; path = SectionHeader.swift; sourceTree = "<group>"; };
		6D5590E0281CA51800C266C2 /* MUser.swift */ = {isa = PBXFileReference; lastKnownFileType = sourcecode.swift; path = MUser.swift; sourceTree = "<group>"; };
		6D5590E2281CA52B00C266C2 /* MChat.swift */ = {isa = PBXFileReference; lastKnownFileType = sourcecode.swift; path = MChat.swift; sourceTree = "<group>"; };
		6D56B5C428260025005BE638 /* UIScrollView + Extension.swift */ = {isa = PBXFileReference; lastKnownFileType = sourcecode.swift; path = "UIScrollView + Extension.swift"; sourceTree = "<group>"; };
		6D7599FC281F221E004D6EE4 /* AuthNavigationDelegate.swift */ = {isa = PBXFileReference; lastKnownFileType = sourcecode.swift; path = AuthNavigationDelegate.swift; sourceTree = "<group>"; };
		6D7599FE281F2685004D6EE4 /* FirestoreService.swift */ = {isa = PBXFileReference; lastKnownFileType = sourcecode.swift; path = FirestoreService.swift; sourceTree = "<group>"; };
		6D88660E28245E23000A9BC8 /* WaitingChatsNavigation.swift */ = {isa = PBXFileReference; lastKnownFileType = sourcecode.swift; path = WaitingChatsNavigation.swift; sourceTree = "<group>"; };
		6D8B4E86281F2D010061EFB4 /* UserError.swift */ = {isa = PBXFileReference; lastKnownFileType = sourcecode.swift; path = UserError.swift; sourceTree = "<group>"; };
		6D9718D1282A664900883D11 /* activeChats.json */ = {isa = PBXFileReference; fileEncoding = 4; lastKnownFileType = text.json; path = activeChats.json; sourceTree = "<group>"; };
		6D9718D3282A664A00883D11 /* waitingChats.json */ = {isa = PBXFileReference; fileEncoding = 4; lastKnownFileType = text.json; path = waitingChats.json; sourceTree = "<group>"; };
		6D9718D7282A665A00883D11 /* users.json */ = {isa = PBXFileReference; fileEncoding = 4; lastKnownFileType = text.json; path = users.json; sourceTree = "<group>"; };
		6D9AC694281B15250050F364 /* SetupProfileViewController.swift */ = {isa = PBXFileReference; lastKnownFileType = sourcecode.swift; path = SetupProfileViewController.swift; sourceTree = "<group>"; };
		6D9AC696281B180F0050F364 /* AddPhotoView.swift */ = {isa = PBXFileReference; lastKnownFileType = sourcecode.swift; path = AddPhotoView.swift; sourceTree = "<group>"; };
		6D9AC69A281B2FAE0050F364 /* SegmentedControl + Extension.swift */ = {isa = PBXFileReference; lastKnownFileType = sourcecode.swift; path = "SegmentedControl + Extension.swift"; sourceTree = "<group>"; };
		6D9AC69C281B40660050F364 /* ListViewController.swift */ = {isa = PBXFileReference; lastKnownFileType = sourcecode.swift; path = ListViewController.swift; sourceTree = "<group>"; };
		6D9AC6A0281B444C0050F364 /* MainTabBarController.swift */ = {isa = PBXFileReference; lastKnownFileType = sourcecode.swift; path = MainTabBarController.swift; sourceTree = "<group>"; };
		6D9AC6A2281B45050050F364 /* PeopleViewController.swift */ = {isa = PBXFileReference; lastKnownFileType = sourcecode.swift; path = PeopleViewController.swift; sourceTree = "<group>"; };
		6DA3EB88281DEE8E00D1356A /* ChatRequestViewController.swift */ = {isa = PBXFileReference; lastKnownFileType = sourcecode.swift; path = ChatRequestViewController.swift; sourceTree = "<group>"; };
		6DA3EB8A281DFAB200D1356A /* GoogleService-Info.plist */ = {isa = PBXFileReference; fileEncoding = 4; lastKnownFileType = text.plist.xml; path = "GoogleService-Info.plist"; sourceTree = "<group>"; };
		6DB32F46281DACD5002010C7 /* UserCell.swift */ = {isa = PBXFileReference; lastKnownFileType = sourcecode.swift; path = UserCell.swift; sourceTree = "<group>"; };
		6DB32F48281DAF2E002010C7 /* UIViewController + Extansion.swift */ = {isa = PBXFileReference; lastKnownFileType = sourcecode.swift; path = "UIViewController + Extansion.swift"; sourceTree = "<group>"; };
		6DB32F4A281DC2AD002010C7 /* ProfileViewController.swift */ = {isa = PBXFileReference; lastKnownFileType = sourcecode.swift; path = ProfileViewController.swift; sourceTree = "<group>"; };
		6DB32F4C281DC93E002010C7 /* InsertableTextField.swift */ = {isa = PBXFileReference; lastKnownFileType = sourcecode.swift; path = InsertableTextField.swift; sourceTree = "<group>"; };
		6DB32F4E281DCD09002010C7 /* UIView + Extension.swift */ = {isa = PBXFileReference; lastKnownFileType = sourcecode.swift; path = "UIView + Extension.swift"; sourceTree = "<group>"; };
		6DD5647A281E02850054B781 /* AuthenticationService.swift */ = {isa = PBXFileReference; lastKnownFileType = sourcecode.swift; path = AuthenticationService.swift; sourceTree = "<group>"; };
		6DD5647C281E0CC00054B781 /* Validators.swift */ = {isa = PBXFileReference; lastKnownFileType = sourcecode.swift; path = Validators.swift; sourceTree = "<group>"; };
		6DD5647E281E0F3E0054B781 /* AuthenticationError.swift */ = {isa = PBXFileReference; lastKnownFileType = sourcecode.swift; path = AuthenticationError.swift; sourceTree = "<group>"; };
		6DD686352822FF6500FD6EE3 /* UIAplication + Extension.swift */ = {isa = PBXFileReference; lastKnownFileType = sourcecode.swift; path = "UIAplication + Extension.swift"; sourceTree = "<group>"; };
		6DD68637282311D000FD6EE3 /* StorageService.swift */ = {isa = PBXFileReference; lastKnownFileType = sourcecode.swift; path = StorageService.swift; sourceTree = "<group>"; };
		6DD686392823154000FD6EE3 /* UIImage + Extension.swift */ = {isa = PBXFileReference; lastKnownFileType = sourcecode.swift; path = "UIImage + Extension.swift"; sourceTree = "<group>"; };
		6DFABBC228248A6C0070AA71 /* ChatsViewController.swift */ = {isa = PBXFileReference; lastKnownFileType = sourcecode.swift; path = ChatsViewController.swift; sourceTree = "<group>"; };
/* End PBXFileReference section */

/* Begin PBXFrameworksBuildPhase section */
		6D053BBA28187D5200E2666B /* Frameworks */ = {
			isa = PBXFrameworksBuildPhase;
			buildActionMask = 2147483647;
			files = (
				6D1F0AFB28233BFC00EBBF98 /* SDWebImage in Frameworks */,
				6DD686342822F25100FD6EE3 /* GoogleSignIn in Frameworks */,
				6DD6862B2822F18500FD6EE3 /* FirebaseAnalytics in Frameworks */,
				6DFABBC1282489ED0070AA71 /* MessageKit in Frameworks */,
				6DD686312822F18500FD6EE3 /* FirebaseStorage in Frameworks */,
				6DD6862D2822F18500FD6EE3 /* FirebaseAuth in Frameworks */,
				6DD6862F2822F18500FD6EE3 /* FirebaseFirestore in Frameworks */,
			);
			runOnlyForDeploymentPostprocessing = 0;
		};
/* End PBXFrameworksBuildPhase section */

/* Begin PBXGroup section */
		6D053BB428187D5200E2666B = {
			isa = PBXGroup;
			children = (
				6D053BBF28187D5200E2666B /* Chat */,
				6D053BBE28187D5200E2666B /* Products */,
			);
			sourceTree = "<group>";
		};
		6D053BBE28187D5200E2666B /* Products */ = {
			isa = PBXGroup;
			children = (
				6D053BBD28187D5200E2666B /* Chat.app */,
			);
			name = Products;
			sourceTree = "<group>";
		};
		6D053BBF28187D5200E2666B /* Chat */ = {
			isa = PBXGroup;
			children = (
				6D053BC028187D5200E2666B /* AppDelegate.swift */,
				6D053BC228187D5200E2666B /* SceneDelegate.swift */,
				6DD56479281E02350054B781 /* Services */,
				6D9AC69E281B43EB0050F364 /* Signin&Auth */,
				6D9AC69F281B441A0050F364 /* Controllers */,
				6D5590DA281C961500C266C2 /* Protocols */,
				6D053BDF2818973800E2666B /* Extensions */,
				6DD56480281E13930054B781 /* Helpers */,
				6D053BC928187D5200E2666B /* Assets.xcassets */,
				6D053BCB28187D5200E2666B /* LaunchScreen.storyboard */,
				6D053BCE28187D5200E2666B /* Info.plist */,
				6DA3EB8A281DFAB200D1356A /* GoogleService-Info.plist */,
			);
			path = Chat;
			sourceTree = "<group>";
		};
		6D053BDE2818972500E2666B /* UIKit */ = {
			isa = PBXGroup;
			children = (
				6DB32F4E281DCD09002010C7 /* UIView + Extension.swift */,
				6DD686392823154000FD6EE3 /* UIImage + Extension.swift */,
				6DD686352822FF6500FD6EE3 /* UIAplication + Extension.swift */,
				6D053BD428188B2300E2666B /* UIButton + Extension.swift */,
				6DB32F48281DAF2E002010C7 /* UIViewController + Extansion.swift */,
				6D053BD628188DBD00E2666B /* UIFont + Extansion.swift */,
				6D053BD828188E9D00E2666B /* UIColor + Extansion.swift */,
				6D053BDA281891AA00E2666B /* Label + Extansion.swift */,
				6D053BDC281892C200E2666B /* UIImageView + Extansion.swift */,
				6D053BE228189EDF00E2666B /* UIStackView + Extension.swift */,
				6D9AC69A281B2FAE0050F364 /* SegmentedControl + Extension.swift */,
				6D56B5C428260025005BE638 /* UIScrollView + Extension.swift */,
			);
			path = UIKit;
			sourceTree = "<group>";
		};
		6D053BDF2818973800E2666B /* Extensions */ = {
			isa = PBXGroup;
			children = (
				6D9AC696281B180F0050F364 /* AddPhotoView.swift */,
				6D053BE02818988900E2666B /* ButtonFromView.swift */,
				6D053BE82818A72F00E2666B /* OneLineTextField.swift */,
				6D5590CD281C71FE00C266C2 /* Bundle-Decodable.swift */,
				6D5590D2281C8EA900C266C2 /* GradientView.swift */,
				6DB32F4C281DC93E002010C7 /* InsertableTextField.swift */,
				6D053BDE2818972500E2666B /* UIKit */,
			);
			path = Extensions;
			sourceTree = "<group>";
		};
		6D5590CF281C7D4E00C266C2 /* Cell */ = {
			isa = PBXGroup;
			children = (
				6D5590D0281C7D7100C266C2 /* ActiveChatCell.swift */,
				6D5590D6281C94C100C266C2 /* WaitingChatCell.swift */,
				6DB32F46281DACD5002010C7 /* UserCell.swift */,
			);
			path = Cell;
			sourceTree = "<group>";
		};
		6D5590DA281C961500C266C2 /* Protocols */ = {
			isa = PBXGroup;
			children = (
				6D5590D8281C95F400C266C2 /* CellConfigurationCell.swift */,
				6D7599FC281F221E004D6EE4 /* AuthNavigationDelegate.swift */,
				6D88660E28245E23000A9BC8 /* WaitingChatsNavigation.swift */,
			);
			path = Protocols;
			sourceTree = "<group>";
		};
		6D5590DD281CA31E00C266C2 /* Header */ = {
			isa = PBXGroup;
			children = (
				6D5590DB281C98AF00C266C2 /* SectionHeader.swift */,
			);
			path = Header;
			sourceTree = "<group>";
		};
		6D5590E4281CA5C800C266C2 /* Models */ = {
			isa = PBXGroup;
			children = (
				6D5590E0281CA51800C266C2 /* MUser.swift */,
				6D5590E2281CA52B00C266C2 /* MChat.swift */,
				6D1F0AFC282348EB00EBBF98 /* MMessage.swift */,
			);
			path = Models;
			sourceTree = "<group>";
		};
		6D9AC69E281B43EB0050F364 /* Signin&Auth */ = {
			isa = PBXGroup;
			children = (
				6D053BC428187D5200E2666B /* AuthViewController.swift */,
				6D053BE62818A3F800E2666B /* SignUpViewController.swift */,
				6D053BEA2818B2FA00E2666B /* LoginViewController.swift */,
				6D9AC694281B15250050F364 /* SetupProfileViewController.swift */,
			);
			path = "Signin&Auth";
			sourceTree = "<group>";
		};
		6D9AC69F281B441A0050F364 /* Controllers */ = {
			isa = PBXGroup;
			children = (
				6D9AC6A0281B444C0050F364 /* MainTabBarController.swift */,
				6D9AC69C281B40660050F364 /* ListViewController.swift */,
				6D9AC6A2281B45050050F364 /* PeopleViewController.swift */,
				6DB32F4A281DC2AD002010C7 /* ProfileViewController.swift */,
				6DA3EB88281DEE8E00D1356A /* ChatRequestViewController.swift */,
				6DFABBC228248A6C0070AA71 /* ChatsViewController.swift */,
				6D5590CF281C7D4E00C266C2 /* Cell */,
				6D5590DD281CA31E00C266C2 /* Header */,
			);
			path = Controllers;
			sourceTree = "<group>";
		};
		6DD56479281E02350054B781 /* Services */ = {
			isa = PBXGroup;
			children = (
				6D5590E4281CA5C800C266C2 /* Models */,
				6DD5647A281E02850054B781 /* AuthenticationService.swift */,
				6D7599FE281F2685004D6EE4 /* FirestoreService.swift */,
				6DD68637282311D000FD6EE3 /* StorageService.swift */,
				6D1F0AF7282335A600EBBF98 /* ListenerService.swift */,
			);
			path = Services;
			sourceTree = "<group>";
		};
		6DD56480281E13930054B781 /* Helpers */ = {
			isa = PBXGroup;
			children = (
				6DD5647C281E0CC00054B781 /* Validators.swift */,
				6DD5647E281E0F3E0054B781 /* AuthenticationError.swift */,
				6D8B4E86281F2D010061EFB4 /* UserError.swift */,
				6D9718D1282A664900883D11 /* activeChats.json */,
				6D9718D3282A664A00883D11 /* waitingChats.json */,
				6D9718D7282A665A00883D11 /* users.json */,
			);
			path = Helpers;
			sourceTree = "<group>";
		};
/* End PBXGroup section */

/* Begin PBXNativeTarget section */
		6D053BBC28187D5200E2666B /* Chat */ = {
			isa = PBXNativeTarget;
			buildConfigurationList = 6D053BD128187D5200E2666B /* Build configuration list for PBXNativeTarget "Chat" */;
			buildPhases = (
				6D053BB928187D5200E2666B /* Sources */,
				6D053BBA28187D5200E2666B /* Frameworks */,
				6D053BBB28187D5200E2666B /* Resources */,
			);
			buildRules = (
			);
			dependencies = (
			);
			name = Chat;
			packageProductDependencies = (
				6DD6862A2822F18500FD6EE3 /* FirebaseAnalytics */,
				6DD6862C2822F18500FD6EE3 /* FirebaseAuth */,
				6DD6862E2822F18500FD6EE3 /* FirebaseFirestore */,
				6DD686302822F18500FD6EE3 /* FirebaseStorage */,
				6DD686332822F25100FD6EE3 /* GoogleSignIn */,
				6D1F0AFA28233BFC00EBBF98 /* SDWebImage */,
				6DFABBC0282489ED0070AA71 /* MessageKit */,
			);
			productName = Chat;
			productReference = 6D053BBD28187D5200E2666B /* Chat.app */;
			productType = "com.apple.product-type.application";
		};
/* End PBXNativeTarget section */

/* Begin PBXProject section */
		6D053BB528187D5200E2666B /* Project object */ = {
			isa = PBXProject;
			attributes = {
				BuildIndependentTargetsInParallel = 1;
				LastSwiftUpdateCheck = 1330;
				LastUpgradeCheck = 1330;
				TargetAttributes = {
					6D053BBC28187D5200E2666B = {
						CreatedOnToolsVersion = 13.3.1;
					};
				};
			};
			buildConfigurationList = 6D053BB828187D5200E2666B /* Build configuration list for PBXProject "Chat" */;
			compatibilityVersion = "Xcode 13.0";
			developmentRegion = en;
			hasScannedForEncodings = 0;
			knownRegions = (
				en,
				Base,
			);
			mainGroup = 6D053BB428187D5200E2666B;
			packageReferences = (
				6DD686292822F18500FD6EE3 /* XCRemoteSwiftPackageReference "firebase-ios-sdk" */,
				6DD686322822F25100FD6EE3 /* XCRemoteSwiftPackageReference "GoogleSignIn-iOS" */,
				6D1F0AF928233BFC00EBBF98 /* XCRemoteSwiftPackageReference "SDWebImage" */,
				6DFABBBF282489ED0070AA71 /* XCRemoteSwiftPackageReference "MessageKit" */,
			);
			productRefGroup = 6D053BBE28187D5200E2666B /* Products */;
			projectDirPath = "";
			projectRoot = "";
			targets = (
				6D053BBC28187D5200E2666B /* Chat */,
			);
		};
/* End PBXProject section */

/* Begin PBXResourcesBuildPhase section */
		6D053BBB28187D5200E2666B /* Resources */ = {
			isa = PBXResourcesBuildPhase;
			buildActionMask = 2147483647;
			files = (
				6D9718D8282A665A00883D11 /* users.json in Resources */,
				6D053BCD28187D5200E2666B /* LaunchScreen.storyboard in Resources */,
				6D053BCA28187D5200E2666B /* Assets.xcassets in Resources */,
				6DA3EB8B281DFAB200D1356A /* GoogleService-Info.plist in Resources */,
				6D9718D6282A664A00883D11 /* waitingChats.json in Resources */,
				6D9718D4282A664A00883D11 /* activeChats.json in Resources */,
			);
			runOnlyForDeploymentPostprocessing = 0;
		};
/* End PBXResourcesBuildPhase section */

/* Begin PBXSourcesBuildPhase section */
		6D053BB928187D5200E2666B /* Sources */ = {
			isa = PBXSourcesBuildPhase;
			buildActionMask = 2147483647;
			files = (
				6D5590E3281CA52B00C266C2 /* MChat.swift in Sources */,
				6D053BE92818A72F00E2666B /* OneLineTextField.swift in Sources */,
				6D053BE72818A3F800E2666B /* SignUpViewController.swift in Sources */,
				6DD686362822FF6500FD6EE3 /* UIAplication + Extension.swift in Sources */,
				6D5590DC281C98AF00C266C2 /* SectionHeader.swift in Sources */,
				6D5590D3281C8EA900C266C2 /* GradientView.swift in Sources */,
				6D9AC6A1281B444C0050F364 /* MainTabBarController.swift in Sources */,
				6D053BDD281892C200E2666B /* UIImageView + Extansion.swift in Sources */,
				6D5590E1281CA51800C266C2 /* MUser.swift in Sources */,
				6DD5647D281E0CC00054B781 /* Validators.swift in Sources */,
				6D5590D1281C7D7100C266C2 /* ActiveChatCell.swift in Sources */,
				6DB32F49281DAF2E002010C7 /* UIViewController + Extansion.swift in Sources */,
				6DB32F4D281DC93E002010C7 /* InsertableTextField.swift in Sources */,
				6D7599FD281F221E004D6EE4 /* AuthNavigationDelegate.swift in Sources */,
				6D5590D9281C95F400C266C2 /* CellConfigurationCell.swift in Sources */,
				6D053BC528187D5200E2666B /* AuthViewController.swift in Sources */,
				6D7599FF281F2685004D6EE4 /* FirestoreService.swift in Sources */,
				6DD5647B281E02850054B781 /* AuthenticationService.swift in Sources */,
				6DB32F4B281DC2AD002010C7 /* ProfileViewController.swift in Sources */,
				6D9AC6A3281B45050050F364 /* PeopleViewController.swift in Sources */,
				6DA3EB89281DEE8E00D1356A /* ChatRequestViewController.swift in Sources */,
				6D56B5C528260025005BE638 /* UIScrollView + Extension.swift in Sources */,
				6D1F0AF8282335A600EBBF98 /* ListenerService.swift in Sources */,
				6D9AC69D281B40660050F364 /* ListViewController.swift in Sources */,
				6D5590CE281C71FE00C266C2 /* Bundle-Decodable.swift in Sources */,
				6D9AC695281B15250050F364 /* SetupProfileViewController.swift in Sources */,
				6D8B4E87281F2D010061EFB4 /* UserError.swift in Sources */,
				6D053BC128187D5200E2666B /* AppDelegate.swift in Sources */,
				6DD5647F281E0F3E0054B781 /* AuthenticationError.swift in Sources */,
				6DFABBC328248A6C0070AA71 /* ChatsViewController.swift in Sources */,
				6D053BD728188DBD00E2666B /* UIFont + Extansion.swift in Sources */,
				6DD68638282311D000FD6EE3 /* StorageService.swift in Sources */,
				6DB32F4F281DCD09002010C7 /* UIView + Extension.swift in Sources */,
				6D9AC697281B180F0050F364 /* AddPhotoView.swift in Sources */,
				6D053BE12818988900E2666B /* ButtonFromView.swift in Sources */,
				6D053BC328187D5200E2666B /* SceneDelegate.swift in Sources */,
				6DB32F47281DACD5002010C7 /* UserCell.swift in Sources */,
				6D9AC69B281B2FAE0050F364 /* SegmentedControl + Extension.swift in Sources */,
				6DD6863A2823154000FD6EE3 /* UIImage + Extension.swift in Sources */,
				6D5590D7281C94C100C266C2 /* WaitingChatCell.swift in Sources */,
				6D053BD928188E9D00E2666B /* UIColor + Extansion.swift in Sources */,
				6D1F0AFD282348EB00EBBF98 /* MMessage.swift in Sources */,
				6D053BD528188B2300E2666B /* UIButton + Extension.swift in Sources */,
				6D053BDB281891AA00E2666B /* Label + Extansion.swift in Sources */,
				6D053BEB2818B2FA00E2666B /* LoginViewController.swift in Sources */,
				6D88660F28245E23000A9BC8 /* WaitingChatsNavigation.swift in Sources */,
				6D053BE328189EDF00E2666B /* UIStackView + Extension.swift in Sources */,
			);
			runOnlyForDeploymentPostprocessing = 0;
		};
/* End PBXSourcesBuildPhase section */

/* Begin PBXVariantGroup section */
		6D053BCB28187D5200E2666B /* LaunchScreen.storyboard */ = {
			isa = PBXVariantGroup;
			children = (
				6D053BCC28187D5200E2666B /* Base */,
			);
			name = LaunchScreen.storyboard;
			sourceTree = "<group>";
		};
/* End PBXVariantGroup section */

/* Begin XCBuildConfiguration section */
		6D053BCF28187D5200E2666B /* Debug */ = {
			isa = XCBuildConfiguration;
			buildSettings = {
				ALWAYS_SEARCH_USER_PATHS = NO;
				CLANG_ANALYZER_NONNULL = YES;
				CLANG_ANALYZER_NUMBER_OBJECT_CONVERSION = YES_AGGRESSIVE;
				CLANG_CXX_LANGUAGE_STANDARD = "gnu++17";
				CLANG_ENABLE_MODULES = YES;
				CLANG_ENABLE_OBJC_ARC = YES;
				CLANG_ENABLE_OBJC_WEAK = YES;
				CLANG_WARN_BLOCK_CAPTURE_AUTORELEASING = YES;
				CLANG_WARN_BOOL_CONVERSION = YES;
				CLANG_WARN_COMMA = YES;
				CLANG_WARN_CONSTANT_CONVERSION = YES;
				CLANG_WARN_DEPRECATED_OBJC_IMPLEMENTATIONS = YES;
				CLANG_WARN_DIRECT_OBJC_ISA_USAGE = YES_ERROR;
				CLANG_WARN_DOCUMENTATION_COMMENTS = YES;
				CLANG_WARN_EMPTY_BODY = YES;
				CLANG_WARN_ENUM_CONVERSION = YES;
				CLANG_WARN_INFINITE_RECURSION = YES;
				CLANG_WARN_INT_CONVERSION = YES;
				CLANG_WARN_NON_LITERAL_NULL_CONVERSION = YES;
				CLANG_WARN_OBJC_IMPLICIT_RETAIN_SELF = YES;
				CLANG_WARN_OBJC_LITERAL_CONVERSION = YES;
				CLANG_WARN_OBJC_ROOT_CLASS = YES_ERROR;
				CLANG_WARN_QUOTED_INCLUDE_IN_FRAMEWORK_HEADER = YES;
				CLANG_WARN_RANGE_LOOP_ANALYSIS = YES;
				CLANG_WARN_STRICT_PROTOTYPES = YES;
				CLANG_WARN_SUSPICIOUS_MOVE = YES;
				CLANG_WARN_UNGUARDED_AVAILABILITY = YES_AGGRESSIVE;
				CLANG_WARN_UNREACHABLE_CODE = YES;
				CLANG_WARN__DUPLICATE_METHOD_MATCH = YES;
				COPY_PHASE_STRIP = NO;
				DEBUG_INFORMATION_FORMAT = dwarf;
				ENABLE_STRICT_OBJC_MSGSEND = YES;
				ENABLE_TESTABILITY = YES;
				GCC_C_LANGUAGE_STANDARD = gnu11;
				GCC_DYNAMIC_NO_PIC = NO;
				GCC_NO_COMMON_BLOCKS = YES;
				GCC_OPTIMIZATION_LEVEL = 0;
				GCC_PREPROCESSOR_DEFINITIONS = (
					"DEBUG=1",
					"$(inherited)",
				);
				GCC_WARN_64_TO_32_BIT_CONVERSION = YES;
				GCC_WARN_ABOUT_RETURN_TYPE = YES_ERROR;
				GCC_WARN_UNDECLARED_SELECTOR = YES;
				GCC_WARN_UNINITIALIZED_AUTOS = YES_AGGRESSIVE;
				GCC_WARN_UNUSED_FUNCTION = YES;
				GCC_WARN_UNUSED_VARIABLE = YES;
				IPHONEOS_DEPLOYMENT_TARGET = 15.4;
				MTL_ENABLE_DEBUG_INFO = INCLUDE_SOURCE;
				MTL_FAST_MATH = YES;
				ONLY_ACTIVE_ARCH = YES;
				SDKROOT = iphoneos;
				SWIFT_ACTIVE_COMPILATION_CONDITIONS = DEBUG;
				SWIFT_OPTIMIZATION_LEVEL = "-Onone";
			};
			name = Debug;
		};
		6D053BD028187D5200E2666B /* Release */ = {
			isa = XCBuildConfiguration;
			buildSettings = {
				ALWAYS_SEARCH_USER_PATHS = NO;
				CLANG_ANALYZER_NONNULL = YES;
				CLANG_ANALYZER_NUMBER_OBJECT_CONVERSION = YES_AGGRESSIVE;
				CLANG_CXX_LANGUAGE_STANDARD = "gnu++17";
				CLANG_ENABLE_MODULES = YES;
				CLANG_ENABLE_OBJC_ARC = YES;
				CLANG_ENABLE_OBJC_WEAK = YES;
				CLANG_WARN_BLOCK_CAPTURE_AUTORELEASING = YES;
				CLANG_WARN_BOOL_CONVERSION = YES;
				CLANG_WARN_COMMA = YES;
				CLANG_WARN_CONSTANT_CONVERSION = YES;
				CLANG_WARN_DEPRECATED_OBJC_IMPLEMENTATIONS = YES;
				CLANG_WARN_DIRECT_OBJC_ISA_USAGE = YES_ERROR;
				CLANG_WARN_DOCUMENTATION_COMMENTS = YES;
				CLANG_WARN_EMPTY_BODY = YES;
				CLANG_WARN_ENUM_CONVERSION = YES;
				CLANG_WARN_INFINITE_RECURSION = YES;
				CLANG_WARN_INT_CONVERSION = YES;
				CLANG_WARN_NON_LITERAL_NULL_CONVERSION = YES;
				CLANG_WARN_OBJC_IMPLICIT_RETAIN_SELF = YES;
				CLANG_WARN_OBJC_LITERAL_CONVERSION = YES;
				CLANG_WARN_OBJC_ROOT_CLASS = YES_ERROR;
				CLANG_WARN_QUOTED_INCLUDE_IN_FRAMEWORK_HEADER = YES;
				CLANG_WARN_RANGE_LOOP_ANALYSIS = YES;
				CLANG_WARN_STRICT_PROTOTYPES = YES;
				CLANG_WARN_SUSPICIOUS_MOVE = YES;
				CLANG_WARN_UNGUARDED_AVAILABILITY = YES_AGGRESSIVE;
				CLANG_WARN_UNREACHABLE_CODE = YES;
				CLANG_WARN__DUPLICATE_METHOD_MATCH = YES;
				COPY_PHASE_STRIP = NO;
				DEBUG_INFORMATION_FORMAT = "dwarf-with-dsym";
				ENABLE_NS_ASSERTIONS = NO;
				ENABLE_STRICT_OBJC_MSGSEND = YES;
				GCC_C_LANGUAGE_STANDARD = gnu11;
				GCC_NO_COMMON_BLOCKS = YES;
				GCC_WARN_64_TO_32_BIT_CONVERSION = YES;
				GCC_WARN_ABOUT_RETURN_TYPE = YES_ERROR;
				GCC_WARN_UNDECLARED_SELECTOR = YES;
				GCC_WARN_UNINITIALIZED_AUTOS = YES_AGGRESSIVE;
				GCC_WARN_UNUSED_FUNCTION = YES;
				GCC_WARN_UNUSED_VARIABLE = YES;
				IPHONEOS_DEPLOYMENT_TARGET = 15.4;
				MTL_ENABLE_DEBUG_INFO = NO;
				MTL_FAST_MATH = YES;
				SDKROOT = iphoneos;
				SWIFT_COMPILATION_MODE = wholemodule;
				SWIFT_OPTIMIZATION_LEVEL = "-O";
				VALIDATE_PRODUCT = YES;
			};
			name = Release;
		};
		6D053BD228187D5200E2666B /* Debug */ = {
			isa = XCBuildConfiguration;
			buildSettings = {
				ASSETCATALOG_COMPILER_APPICON_NAME = AppIcon;
				ASSETCATALOG_COMPILER_GLOBAL_ACCENT_COLOR_NAME = AccentColor;
				CODE_SIGN_STYLE = Automatic;
				CURRENT_PROJECT_VERSION = 1;
				DEVELOPMENT_TEAM = HYZ9568K4C;
				GENERATE_INFOPLIST_FILE = YES;
				INFOPLIST_FILE = Chat/Info.plist;
				INFOPLIST_KEY_NSCameraUsageDescription = "$(PRODUCT_NAME) photo use";
				INFOPLIST_KEY_UIApplicationSupportsIndirectInputEvents = YES;
				INFOPLIST_KEY_UILaunchStoryboardName = LaunchScreen;
				INFOPLIST_KEY_UISupportedInterfaceOrientations = UIInterfaceOrientationPortrait;
				INFOPLIST_KEY_UISupportedInterfaceOrientations_iPad = "UIInterfaceOrientationPortrait UIInterfaceOrientationPortraitUpsideDown UIInterfaceOrientationLandscapeLeft UIInterfaceOrientationLandscapeRight";
				INFOPLIST_KEY_UISupportedInterfaceOrientations_iPhone = "UIInterfaceOrientationPortrait UIInterfaceOrientationLandscapeLeft UIInterfaceOrientationLandscapeRight";
				LD_RUNPATH_SEARCH_PATHS = (
					"$(inherited)",
					"@executable_path/Frameworks",
				);
				MARKETING_VERSION = 1.0;
				PRODUCT_BUNDLE_IDENTIFIER = com.oleksandrShvydkyi.Chat;
				PRODUCT_NAME = "$(TARGET_NAME)";
				SWIFT_EMIT_LOC_STRINGS = YES;
				SWIFT_VERSION = 5.0;
				TARGETED_DEVICE_FAMILY = 1;
			};
			name = Debug;
		};
		6D053BD328187D5200E2666B /* Release */ = {
			isa = XCBuildConfiguration;
			buildSettings = {
				ASSETCATALOG_COMPILER_APPICON_NAME = AppIcon;
				ASSETCATALOG_COMPILER_GLOBAL_ACCENT_COLOR_NAME = AccentColor;
				CODE_SIGN_STYLE = Automatic;
				CURRENT_PROJECT_VERSION = 1;
				DEVELOPMENT_TEAM = HYZ9568K4C;
				GENERATE_INFOPLIST_FILE = YES;
				INFOPLIST_FILE = Chat/Info.plist;
				INFOPLIST_KEY_NSCameraUsageDescription = "$(PRODUCT_NAME) photo use";
				INFOPLIST_KEY_UIApplicationSupportsIndirectInputEvents = YES;
				INFOPLIST_KEY_UILaunchStoryboardName = LaunchScreen;
				INFOPLIST_KEY_UISupportedInterfaceOrientations = UIInterfaceOrientationPortrait;
				INFOPLIST_KEY_UISupportedInterfaceOrientations_iPad = "UIInterfaceOrientationPortrait UIInterfaceOrientationPortraitUpsideDown UIInterfaceOrientationLandscapeLeft UIInterfaceOrientationLandscapeRight";
				INFOPLIST_KEY_UISupportedInterfaceOrientations_iPhone = "UIInterfaceOrientationPortrait UIInterfaceOrientationLandscapeLeft UIInterfaceOrientationLandscapeRight";
				LD_RUNPATH_SEARCH_PATHS = (
					"$(inherited)",
					"@executable_path/Frameworks",
				);
				MARKETING_VERSION = 1.0;
				PRODUCT_BUNDLE_IDENTIFIER = com.oleksandrShvydkyi.Chat;
				PRODUCT_NAME = "$(TARGET_NAME)";
				SWIFT_EMIT_LOC_STRINGS = YES;
				SWIFT_VERSION = 5.0;
				TARGETED_DEVICE_FAMILY = 1;
			};
			name = Release;
		};
/* End XCBuildConfiguration section */

/* Begin XCConfigurationList section */
		6D053BB828187D5200E2666B /* Build configuration list for PBXProject "Chat" */ = {
			isa = XCConfigurationList;
			buildConfigurations = (
				6D053BCF28187D5200E2666B /* Debug */,
				6D053BD028187D5200E2666B /* Release */,
			);
			defaultConfigurationIsVisible = 0;
			defaultConfigurationName = Release;
		};
		6D053BD128187D5200E2666B /* Build configuration list for PBXNativeTarget "Chat" */ = {
			isa = XCConfigurationList;
			buildConfigurations = (
				6D053BD228187D5200E2666B /* Debug */,
				6D053BD328187D5200E2666B /* Release */,
			);
			defaultConfigurationIsVisible = 0;
			defaultConfigurationName = Release;
		};
/* End XCConfigurationList section */

/* Begin XCRemoteSwiftPackageReference section */
		6D1F0AF928233BFC00EBBF98 /* XCRemoteSwiftPackageReference "SDWebImage" */ = {
			isa = XCRemoteSwiftPackageReference;
			repositoryURL = "https://github.com/SDWebImage/SDWebImage.git";
			requirement = {
				kind = upToNextMajorVersion;
				minimumVersion = 5.0.0;
			};
		};
		6DD686292822F18500FD6EE3 /* XCRemoteSwiftPackageReference "firebase-ios-sdk" */ = {
			isa = XCRemoteSwiftPackageReference;
			repositoryURL = "https://github.com/firebase/firebase-ios-sdk";
			requirement = {
				kind = upToNextMajorVersion;
				minimumVersion = 8.0.0;
			};
		};
		6DD686322822F25100FD6EE3 /* XCRemoteSwiftPackageReference "GoogleSignIn-iOS" */ = {
			isa = XCRemoteSwiftPackageReference;
			repositoryURL = "https://github.com/google/GoogleSignIn-iOS.git";
			requirement = {
				kind = upToNextMajorVersion;
				minimumVersion = 6.0.0;
			};
		};
		6DFABBBF282489ED0070AA71 /* XCRemoteSwiftPackageReference "MessageKit" */ = {
			isa = XCRemoteSwiftPackageReference;
			repositoryURL = "https://github.com/MessageKit/MessageKit";
			requirement = {
				kind = upToNextMajorVersion;
				minimumVersion = 3.0.0;
			};
		};
/* End XCRemoteSwiftPackageReference section */

/* Begin XCSwiftPackageProductDependency section */
		6D1F0AFA28233BFC00EBBF98 /* SDWebImage */ = {
			isa = XCSwiftPackageProductDependency;
			package = 6D1F0AF928233BFC00EBBF98 /* XCRemoteSwiftPackageReference "SDWebImage" */;
			productName = SDWebImage;
		};
		6DD6862A2822F18500FD6EE3 /* FirebaseAnalytics */ = {
			isa = XCSwiftPackageProductDependency;
			package = 6DD686292822F18500FD6EE3 /* XCRemoteSwiftPackageReference "firebase-ios-sdk" */;
			productName = FirebaseAnalytics;
		};
		6DD6862C2822F18500FD6EE3 /* FirebaseAuth */ = {
			isa = XCSwiftPackageProductDependency;
			package = 6DD686292822F18500FD6EE3 /* XCRemoteSwiftPackageReference "firebase-ios-sdk" */;
			productName = FirebaseAuth;
		};
		6DD6862E2822F18500FD6EE3 /* FirebaseFirestore */ = {
			isa = XCSwiftPackageProductDependency;
			package = 6DD686292822F18500FD6EE3 /* XCRemoteSwiftPackageReference "firebase-ios-sdk" */;
			productName = FirebaseFirestore;
		};
		6DD686302822F18500FD6EE3 /* FirebaseStorage */ = {
			isa = XCSwiftPackageProductDependency;
			package = 6DD686292822F18500FD6EE3 /* XCRemoteSwiftPackageReference "firebase-ios-sdk" */;
			productName = FirebaseStorage;
		};
		6DD686332822F25100FD6EE3 /* GoogleSignIn */ = {
			isa = XCSwiftPackageProductDependency;
			package = 6DD686322822F25100FD6EE3 /* XCRemoteSwiftPackageReference "GoogleSignIn-iOS" */;
			productName = GoogleSignIn;
		};
		6DFABBC0282489ED0070AA71 /* MessageKit */ = {
			isa = XCSwiftPackageProductDependency;
			package = 6DFABBBF282489ED0070AA71 /* XCRemoteSwiftPackageReference "MessageKit" */;
			productName = MessageKit;
		};
/* End XCSwiftPackageProductDependency section */
	};
	rootObject = 6D053BB528187D5200E2666B /* Project object */;
}
